
Microsoft Visual Studio Solution File, Format Version 12.00
# Visual Studio Version 17
VisualStudioVersion = 17.13.35806.99 d17.13
MinimumVisualStudioVersion = 10.0.40219.1
Project("{FAE04EC0-301F-11D3-BF4B-00C04F79EFBC}") = "WpfApp", "WpfApp\WpfApp.csproj", "{9BCD6499-6111-4DFC-B7F0-7C1396523D9E}"
EndProject
Global
	GlobalSection(SolutionConfigurationPlatforms) = preSolution
		Debug|Any CPU = Debug|Any CPU
		Release|Any CPU = Release|Any CPU
	EndGlobalSection
	GlobalSection(ProjectConfigurationPlatforms) = postSolution
		{9BCD6499-6111-4DFC-B7F0-7C1396523D9E}.Debug|Any CPU.ActiveCfg = Debug|Any CPU
		{9BCD6499-6111-4DFC-B7F0-7C1396523D9E}.Debug|Any CPU.Build.0 = Debug|Any CPU
		{9BCD6499-6111-4DFC-B7F0-7C1396523D9E}.Release|Any CPU.ActiveCfg = Release|Any CPU
		{9BCD6499-6111-4DFC-B7F0-7C1396523D9E}.Release|Any CPU.Build.0 = Release|Any CPU
	EndGlobalSection
	GlobalSection(SolutionProperties) = preSolution
		HideSolutionNode = FALSE
	EndGlobalSection
	GlobalSection(ExtensibilityGlobals) = postSolution
		SolutionGuid = {131F1549-72C8-494F-BC69-154C5DFEA90D}
	EndGlobalSection
EndGlobal
